<?xml version="1.0" encoding="utf-8"?>
<Project ToolsVersion="4.0" xmlns="http://schemas.microsoft.com/developer/msbuild/2003">
  <ItemGroup>
    <Filter Include="Source Files">
      <UniqueIdentifier>{4FC737F1-C7A5-4376-A066-2A32D752A2FF}</UniqueIdentifier>
      <Extensions>cpp;c;cc;cxx;c++;cppm;ixx;def;odl;idl;hpj;bat;asm;asmx</Extensions>
    </Filter>
    <Filter Include="Header Files">
      <UniqueIdentifier>{93995380-89BD-4b04-88EB-625FBE52EBFB}</UniqueIdentifier>
      <Extensions>h;hh;hpp;hxx;h++;hm;inl;inc;ipp;xsd</Extensions>
    </Filter>
    <Filter Include="Integral">
      <UniqueIdentifier>{ab01d137-58af-45df-94c0-80b0804428aa}</UniqueIdentifier>
    </Filter>
    <Filter Include="jnkMath">
      <UniqueIdentifier>{cd0d0c54-0d57-4d11-878f-c8c2bfae8ee8}</UniqueIdentifier>
    </Filter>
  </ItemGroup>
  <ItemGroup>
    <ClCompile Include="Source.cpp">
      <Filter>Source Files</Filter>
    </ClCompile>
    <ClCompile Include="Integral.cpp">
      <Filter>Integral</Filter>
    </ClCompile>
    <ClCompile Include="jnkMath.cpp">
      <Filter>jnkMath</Filter>
    </ClCompile>
  </ItemGroup>
  <ItemGroup>
    <ClInclude Include="Params.h">
      <Filter>Header Files</Filter>
    </ClInclude>
    <ClInclude Include="Integral.h">
      <Filter>Integral</Filter>
    </ClInclude>
    <ClInclude Include="jnkMath.h">
      <Filter>jnkMath</Filter>
    </ClInclude>
  </ItemGroup>
</Project>